// !$*UTF8*$!
{
	archiveVersion = 1;
	classes = {
	};
	objectVersion = 56;
	objects = {

/* Begin PBXBuildFile section */
		A15A4C1A2B00D17D0082BB22 /* ShoppingApp.swift in Sources */ = {isa = PBXBuildFile; fileRef = A15A4C192B00D17D0082BB22 /* ShoppingApp.swift */; };
		A15A4C1E2B00D17E0082BB22 /* Assets.xcassets in Resources */ = {isa = PBXBuildFile; fileRef = A15A4C1D2B00D17E0082BB22 /* Assets.xcassets */; };
		A15A4C212B00D17E0082BB22 /* Preview Assets.xcassets in Resources */ = {isa = PBXBuildFile; fileRef = A15A4C202B00D17E0082BB22 /* Preview Assets.xcassets */; };
		A15A4C282B00D1C30082BB22 /* NetworkingManager.swift in Sources */ = {isa = PBXBuildFile; fileRef = A15A4C272B00D1C30082BB22 /* NetworkingManager.swift */; };
		A15A4C2D2B00D3490082BB22 /* ProductModel.swift in Sources */ = {isa = PBXBuildFile; fileRef = A15A4C2C2B00D3490082BB22 /* ProductModel.swift */; };
		A15A4C2F2B00D4520082BB22 /* ProductDataServices.swift in Sources */ = {isa = PBXBuildFile; fileRef = A15A4C2E2B00D4520082BB22 /* ProductDataServices.swift */; };
		A15A4C352B00D5250082BB22 /* HomeView.swift in Sources */ = {isa = PBXBuildFile; fileRef = A15A4C342B00D5250082BB22 /* HomeView.swift */; };
		A15A4C372B00D53B0082BB22 /* HomeViewModel.swift in Sources */ = {isa = PBXBuildFile; fileRef = A15A4C362B00D53B0082BB22 /* HomeViewModel.swift */; };
		A15A4C392B00D8DA0082BB22 /* DeveloperPreview.swift in Sources */ = {isa = PBXBuildFile; fileRef = A15A4C382B00D8DA0082BB22 /* DeveloperPreview.swift */; };
		A15A4C3B2B00DB250082BB22 /* ProductRowView.swift in Sources */ = {isa = PBXBuildFile; fileRef = A15A4C3A2B00DB250082BB22 /* ProductRowView.swift */; };
		A15A4C3F2B00DC520082BB22 /* ProductImageViewModel.swift in Sources */ = {isa = PBXBuildFile; fileRef = A15A4C3E2B00DC520082BB22 /* ProductImageViewModel.swift */; };
		A15A4C412B00DD270082BB22 /* ProductImageService.swift in Sources */ = {isa = PBXBuildFile; fileRef = A15A4C402B00DD270082BB22 /* ProductImageService.swift */; };
		A15A4C432B00DDC50082BB22 /* LocaleFileManager.swift in Sources */ = {isa = PBXBuildFile; fileRef = A15A4C422B00DDC50082BB22 /* LocaleFileManager.swift */; };
		A15A4C452B00E2930082BB22 /* ProductImageView.swift in Sources */ = {isa = PBXBuildFile; fileRef = A15A4C442B00E2930082BB22 /* ProductImageView.swift */; };
		A15A4C482B0113320082BB22 /* Double.swift in Sources */ = {isa = PBXBuildFile; fileRef = A15A4C472B0113320082BB22 /* Double.swift */; };
		A15A4C4D2B0117760082BB22 /* DetailViewModel.swift in Sources */ = {isa = PBXBuildFile; fileRef = A15A4C4C2B0117760082BB22 /* DetailViewModel.swift */; };
		A15A4C4F2B01182B0082BB22 /* ProductDetailView.swift in Sources */ = {isa = PBXBuildFile; fileRef = A15A4C4E2B01182B0082BB22 /* ProductDetailView.swift */; };
		A1627DCF2B0242A900FAD4B4 /* SearchBarView.swift in Sources */ = {isa = PBXBuildFile; fileRef = A1627DCE2B0242A900FAD4B4 /* SearchBarView.swift */; };
		A1627DD12B02430700FAD4B4 /* UIApplication.swift in Sources */ = {isa = PBXBuildFile; fileRef = A1627DD02B02430700FAD4B4 /* UIApplication.swift */; };
/* End PBXBuildFile section */

/* Begin PBXFileReference section */
		A15A4C162B00D17D0082BB22 /* Shopping.app */ = {isa = PBXFileReference; explicitFileType = wrapper.application; includeInIndex = 0; path = Shopping.app; sourceTree = BUILT_PRODUCTS_DIR; };
		A15A4C192B00D17D0082BB22 /* ShoppingApp.swift */ = {isa = PBXFileReference; lastKnownFileType = sourcecode.swift; path = ShoppingApp.swift; sourceTree = "<group>"; };
		A15A4C1D2B00D17E0082BB22 /* Assets.xcassets */ = {isa = PBXFileReference; lastKnownFileType = folder.assetcatalog; path = Assets.xcassets; sourceTree = "<group>"; };
		A15A4C202B00D17E0082BB22 /* Preview Assets.xcassets */ = {isa = PBXFileReference; lastKnownFileType = folder.assetcatalog; path = "Preview Assets.xcassets"; sourceTree = "<group>"; };
		A15A4C272B00D1C30082BB22 /* NetworkingManager.swift */ = {isa = PBXFileReference; lastKnownFileType = sourcecode.swift; path = NetworkingManager.swift; sourceTree = "<group>"; };
		A15A4C2C2B00D3490082BB22 /* ProductModel.swift */ = {isa = PBXFileReference; lastKnownFileType = sourcecode.swift; path = ProductModel.swift; sourceTree = "<group>"; };
		A15A4C2E2B00D4520082BB22 /* ProductDataServices.swift */ = {isa = PBXFileReference; lastKnownFileType = sourcecode.swift; path = ProductDataServices.swift; sourceTree = "<group>"; };
		A15A4C342B00D5250082BB22 /* HomeView.swift */ = {isa = PBXFileReference; lastKnownFileType = sourcecode.swift; path = HomeView.swift; sourceTree = "<group>"; };
		A15A4C362B00D53B0082BB22 /* HomeViewModel.swift */ = {isa = PBXFileReference; lastKnownFileType = sourcecode.swift; path = HomeViewModel.swift; sourceTree = "<group>"; };
		A15A4C382B00D8DA0082BB22 /* DeveloperPreview.swift */ = {isa = PBXFileReference; lastKnownFileType = sourcecode.swift; path = DeveloperPreview.swift; sourceTree = "<group>"; };
		A15A4C3A2B00DB250082BB22 /* ProductRowView.swift */ = {isa = PBXFileReference; lastKnownFileType = sourcecode.swift; path = ProductRowView.swift; sourceTree = "<group>"; };
		A15A4C3E2B00DC520082BB22 /* ProductImageViewModel.swift */ = {isa = PBXFileReference; lastKnownFileType = sourcecode.swift; path = ProductImageViewModel.swift; sourceTree = "<group>"; };
		A15A4C402B00DD270082BB22 /* ProductImageService.swift */ = {isa = PBXFileReference; lastKnownFileType = sourcecode.swift; path = ProductImageService.swift; sourceTree = "<group>"; };
		A15A4C422B00DDC50082BB22 /* LocaleFileManager.swift */ = {isa = PBXFileReference; lastKnownFileType = sourcecode.swift; path = LocaleFileManager.swift; sourceTree = "<group>"; };
		A15A4C442B00E2930082BB22 /* ProductImageView.swift */ = {isa = PBXFileReference; lastKnownFileType = sourcecode.swift; path = ProductImageView.swift; sourceTree = "<group>"; };
		A15A4C472B0113320082BB22 /* Double.swift */ = {isa = PBXFileReference; lastKnownFileType = sourcecode.swift; path = Double.swift; sourceTree = "<group>"; };
		A15A4C4C2B0117760082BB22 /* DetailViewModel.swift */ = {isa = PBXFileReference; lastKnownFileType = sourcecode.swift; path = DetailViewModel.swift; sourceTree = "<group>"; };
		A15A4C4E2B01182B0082BB22 /* ProductDetailView.swift */ = {isa = PBXFileReference; lastKnownFileType = sourcecode.swift; path = ProductDetailView.swift; sourceTree = "<group>"; };
		A1627DCE2B0242A900FAD4B4 /* SearchBarView.swift */ = {isa = PBXFileReference; lastKnownFileType = sourcecode.swift; path = SearchBarView.swift; sourceTree = "<group>"; };
		A1627DD02B02430700FAD4B4 /* UIApplication.swift */ = {isa = PBXFileReference; lastKnownFileType = sourcecode.swift; path = UIApplication.swift; sourceTree = "<group>"; };
/* End PBXFileReference section */

/* Begin PBXFrameworksBuildPhase section */
		A15A4C132B00D17D0082BB22 /* Frameworks */ = {
			isa = PBXFrameworksBuildPhase;
			buildActionMask = 2147483647;
			files = (
			);
			runOnlyForDeploymentPostprocessing = 0;
		};
/* End PBXFrameworksBuildPhase section */

/* Begin PBXGroup section */
		A15A4C0D2B00D17D0082BB22 = {
			isa = PBXGroup;
			children = (
				A15A4C182B00D17D0082BB22 /* Shopping */,
				A15A4C172B00D17D0082BB22 /* Products */,
			);
			sourceTree = "<group>";
		};
		A15A4C172B00D17D0082BB22 /* Products */ = {
			isa = PBXGroup;
			children = (
				A15A4C162B00D17D0082BB22 /* Shopping.app */,
			);
			name = Products;
			sourceTree = "<group>";
		};
		A15A4C182B00D17D0082BB22 /* Shopping */ = {
			isa = PBXGroup;
			children = (
				A15A4C192B00D17D0082BB22 /* ShoppingApp.swift */,
				A15A4C292B00D27C0082BB22 /* Utilities */,
				A15A4C462B0113190082BB22 /* Extensions */,
				A15A4C2A2B00D28F0082BB22 /* Services */,
				A15A4C2B2B00D2A50082BB22 /* Models */,
				A15A4C302B00D4D20082BB22 /* Core */,
				A15A4C1D2B00D17E0082BB22 /* Assets.xcassets */,
				A15A4C1F2B00D17E0082BB22 /* Preview Content */,
			);
			path = Shopping;
			sourceTree = "<group>";
		};
		A15A4C1F2B00D17E0082BB22 /* Preview Content */ = {
			isa = PBXGroup;
			children = (
				A15A4C202B00D17E0082BB22 /* Preview Assets.xcassets */,
			);
			path = "Preview Content";
			sourceTree = "<group>";
		};
		A15A4C292B00D27C0082BB22 /* Utilities */ = {
			isa = PBXGroup;
			children = (
				A15A4C272B00D1C30082BB22 /* NetworkingManager.swift */,
				A15A4C422B00DDC50082BB22 /* LocaleFileManager.swift */,
				A15A4C382B00D8DA0082BB22 /* DeveloperPreview.swift */,
			);
			path = Utilities;
			sourceTree = "<group>";
		};
		A15A4C2A2B00D28F0082BB22 /* Services */ = {
			isa = PBXGroup;
			children = (
				A15A4C2E2B00D4520082BB22 /* ProductDataServices.swift */,
				A15A4C402B00DD270082BB22 /* ProductImageService.swift */,
			);
			path = Services;
			sourceTree = "<group>";
		};
		A15A4C2B2B00D2A50082BB22 /* Models */ = {
			isa = PBXGroup;
			children = (
				A15A4C2C2B00D3490082BB22 /* ProductModel.swift */,
			);
			path = Models;
			sourceTree = "<group>";
		};
		A15A4C302B00D4D20082BB22 /* Core */ = {
			isa = PBXGroup;
			children = (
				A15A4C3C2B00DC030082BB22 /* Components */,
				A15A4C312B00D4E30082BB22 /* Home */,
				A15A4C492B0117340082BB22 /* Details */,
			);
			path = Core;
			sourceTree = "<group>";
		};
		A15A4C312B00D4E30082BB22 /* Home */ = {
			isa = PBXGroup;
			children = (
				A15A4C332B00D4F90082BB22 /* ViewModels */,
				A15A4C322B00D4EE0082BB22 /* Views */,
			);
			path = Home;
			sourceTree = "<group>";
		};
		A15A4C322B00D4EE0082BB22 /* Views */ = {
			isa = PBXGroup;
			children = (
				A15A4C342B00D5250082BB22 /* HomeView.swift */,
				A15A4C3A2B00DB250082BB22 /* ProductRowView.swift */,
				A15A4C4E2B01182B0082BB22 /* ProductDetailView.swift */,
			);
			path = Views;
			sourceTree = "<group>";
		};
		A15A4C332B00D4F90082BB22 /* ViewModels */ = {
			isa = PBXGroup;
			children = (
				A15A4C362B00D53B0082BB22 /* HomeViewModel.swift */,
			);
			path = ViewModels;
			sourceTree = "<group>";
		};
		A15A4C3C2B00DC030082BB22 /* Components */ = {
			isa = PBXGroup;
			children = (
				A15A4C3D2B00DC100082BB22 /* ProductImage */,
				A1627DCE2B0242A900FAD4B4 /* SearchBarView.swift */,
			);
			path = Components;
			sourceTree = "<group>";
		};
		A15A4C3D2B00DC100082BB22 /* ProductImage */ = {
			isa = PBXGroup;
			children = (
				A15A4C3E2B00DC520082BB22 /* ProductImageViewModel.swift */,
				A15A4C442B00E2930082BB22 /* ProductImageView.swift */,
			);
			path = ProductImage;
			sourceTree = "<group>";
		};
		A15A4C462B0113190082BB22 /* Extensions */ = {
			isa = PBXGroup;
			children = (
				A15A4C472B0113320082BB22 /* Double.swift */,
				A1627DD02B02430700FAD4B4 /* UIApplication.swift */,
			);
			path = Extensions;
			sourceTree = "<group>";
		};
		A15A4C492B0117340082BB22 /* Details */ = {
			isa = PBXGroup;
			children = (
				A15A4C4B2B01175C0082BB22 /* ViewModels */,
				A15A4C4A2B01174C0082BB22 /* Views */,
			);
			path = Details;
			sourceTree = "<group>";
		};
		A15A4C4A2B01174C0082BB22 /* Views */ = {
			isa = PBXGroup;
			children = (
			);
			path = Views;
			sourceTree = "<group>";
		};
		A15A4C4B2B01175C0082BB22 /* ViewModels */ = {
			isa = PBXGroup;
			children = (
				A15A4C4C2B0117760082BB22 /* DetailViewModel.swift */,
			);
			path = ViewModels;
			sourceTree = "<group>";
		};
/* End PBXGroup section */

/* Begin PBXNativeTarget section */
		A15A4C152B00D17D0082BB22 /* Shopping */ = {
			isa = PBXNativeTarget;
			buildConfigurationList = A15A4C242B00D17E0082BB22 /* Build configuration list for PBXNativeTarget "Shopping" */;
			buildPhases = (
				A15A4C122B00D17D0082BB22 /* Sources */,
				A15A4C132B00D17D0082BB22 /* Frameworks */,
				A15A4C142B00D17D0082BB22 /* Resources */,
			);
			buildRules = (
			);
			dependencies = (
			);
			name = Shopping;
			productName = Shopping;
			productReference = A15A4C162B00D17D0082BB22 /* Shopping.app */;
			productType = "com.apple.product-type.application";
		};
/* End PBXNativeTarget section */

/* Begin PBXProject section */
		A15A4C0E2B00D17D0082BB22 /* Project object */ = {
			isa = PBXProject;
			attributes = {
				BuildIndependentTargetsInParallel = 1;
				LastSwiftUpdateCheck = 1500;
				LastUpgradeCheck = 1500;
				TargetAttributes = {
					A15A4C152B00D17D0082BB22 = {
						CreatedOnToolsVersion = 15.0.1;
					};
				};
			};
			buildConfigurationList = A15A4C112B00D17D0082BB22 /* Build configuration list for PBXProject "Shopping" */;
			compatibilityVersion = "Xcode 14.0";
			developmentRegion = en;
			hasScannedForEncodings = 0;
			knownRegions = (
				en,
				Base,
			);
			mainGroup = A15A4C0D2B00D17D0082BB22;
			productRefGroup = A15A4C172B00D17D0082BB22 /* Products */;
			projectDirPath = "";
			projectRoot = "";
			targets = (
				A15A4C152B00D17D0082BB22 /* Shopping */,
			);
		};
/* End PBXProject section */

/* Begin PBXResourcesBuildPhase section */
		A15A4C142B00D17D0082BB22 /* Resources */ = {
			isa = PBXResourcesBuildPhase;
			buildActionMask = 2147483647;
			files = (
				A15A4C212B00D17E0082BB22 /* Preview Assets.xcassets in Resources */,
				A15A4C1E2B00D17E0082BB22 /* Assets.xcassets in Resources */,
			);
			runOnlyForDeploymentPostprocessing = 0;
		};
/* End PBXResourcesBuildPhase section */

/* Begin PBXSourcesBuildPhase section */
		A15A4C122B00D17D0082BB22 /* Sources */ = {
			isa = PBXSourcesBuildPhase;
			buildActionMask = 2147483647;
			files = (
				A15A4C282B00D1C30082BB22 /* NetworkingManager.swift in Sources */,
				A15A4C372B00D53B0082BB22 /* HomeViewModel.swift in Sources */,
				A15A4C432B00DDC50082BB22 /* LocaleFileManager.swift in Sources */,
				A15A4C1A2B00D17D0082BB22 /* ShoppingApp.swift in Sources */,
				A1627DCF2B0242A900FAD4B4 /* SearchBarView.swift in Sources */,
				A15A4C482B0113320082BB22 /* Double.swift in Sources */,
				A15A4C3B2B00DB250082BB22 /* ProductRowView.swift in Sources */,
				A15A4C2F2B00D4520082BB22 /* ProductDataServices.swift in Sources */,
				A15A4C352B00D5250082BB22 /* HomeView.swift in Sources */,
				A15A4C2D2B00D3490082BB22 /* ProductModel.swift in Sources */,
				A15A4C4D2B0117760082BB22 /* DetailViewModel.swift in Sources */,
				A1627DD12B02430700FAD4B4 /* UIApplication.swift in Sources */,
				A15A4C452B00E2930082BB22 /* ProductImageView.swift in Sources */,
				A15A4C4F2B01182B0082BB22 /* ProductDetailView.swift in Sources */,
				A15A4C392B00D8DA0082BB22 /* DeveloperPreview.swift in Sources */,
				A15A4C3F2B00DC520082BB22 /* ProductImageViewModel.swift in Sources */,
				A15A4C412B00DD270082BB22 /* ProductImageService.swift in Sources */,
			);
			runOnlyForDeploymentPostprocessing = 0;
		};
/* End PBXSourcesBuildPhase section */

/* Begin XCBuildConfiguration section */
		A15A4C222B00D17E0082BB22 /* Debug */ = {
			isa = XCBuildConfiguration;
			buildSettings = {
				ALWAYS_SEARCH_USER_PATHS = NO;
				ASSETCATALOG_COMPILER_GENERATE_SWIFT_ASSET_SYMBOL_EXTENSIONS = YES;
				CLANG_ANALYZER_NONNULL = YES;
				CLANG_ANALYZER_NUMBER_OBJECT_CONVERSION = YES_AGGRESSIVE;
				CLANG_CXX_LANGUAGE_STANDARD = "gnu++20";
				CLANG_ENABLE_MODULES = YES;
				CLANG_ENABLE_OBJC_ARC = YES;
				CLANG_ENABLE_OBJC_WEAK = YES;
				CLANG_WARN_BLOCK_CAPTURE_AUTORELEASING = YES;
				CLANG_WARN_BOOL_CONVERSION = YES;
				CLANG_WARN_COMMA = YES;
				CLANG_WARN_CONSTANT_CONVERSION = YES;
				CLANG_WARN_DEPRECATED_OBJC_IMPLEMENTATIONS = YES;
				CLANG_WARN_DIRECT_OBJC_ISA_USAGE = YES_ERROR;
				CLANG_WARN_DOCUMENTATION_COMMENTS = YES;
				CLANG_WARN_EMPTY_BODY = YES;
				CLANG_WARN_ENUM_CONVERSION = YES;
				CLANG_WARN_INFINITE_RECURSION = YES;
				CLANG_WARN_INT_CONVERSION = YES;
				CLANG_WARN_NON_LITERAL_NULL_CONVERSION = YES;
				CLANG_WARN_OBJC_IMPLICIT_RETAIN_SELF = YES;
				CLANG_WARN_OBJC_LITERAL_CONVERSION = YES;
				CLANG_WARN_OBJC_ROOT_CLASS = YES_ERROR;
				CLANG_WARN_QUOTED_INCLUDE_IN_FRAMEWORK_HEADER = YES;
				CLANG_WARN_RANGE_LOOP_ANALYSIS = YES;
				CLANG_WARN_STRICT_PROTOTYPES = YES;
				CLANG_WARN_SUSPICIOUS_MOVE = YES;
				CLANG_WARN_UNGUARDED_AVAILABILITY = YES_AGGRESSIVE;
				CLANG_WARN_UNREACHABLE_CODE = YES;
				CLANG_WARN__DUPLICATE_METHOD_MATCH = YES;
				COPY_PHASE_STRIP = NO;
				DEBUG_INFORMATION_FORMAT = dwarf;
				ENABLE_STRICT_OBJC_MSGSEND = YES;
				ENABLE_TESTABILITY = YES;
				ENABLE_USER_SCRIPT_SANDBOXING = YES;
				GCC_C_LANGUAGE_STANDARD = gnu17;
				GCC_DYNAMIC_NO_PIC = NO;
				GCC_NO_COMMON_BLOCKS = YES;
				GCC_OPTIMIZATION_LEVEL = 0;
				GCC_PREPROCESSOR_DEFINITIONS = (
					"DEBUG=1",
					"$(inherited)",
				);
				GCC_WARN_64_TO_32_BIT_CONVERSION = YES;
				GCC_WARN_ABOUT_RETURN_TYPE = YES_ERROR;
				GCC_WARN_UNDECLARED_SELECTOR = YES;
				GCC_WARN_UNINITIALIZED_AUTOS = YES_AGGRESSIVE;
				GCC_WARN_UNUSED_FUNCTION = YES;
				GCC_WARN_UNUSED_VARIABLE = YES;
				IPHONEOS_DEPLOYMENT_TARGET = 17.0;
				LOCALIZATION_PREFERS_STRING_CATALOGS = YES;
				MTL_ENABLE_DEBUG_INFO = INCLUDE_SOURCE;
				MTL_FAST_MATH = YES;
				ONLY_ACTIVE_ARCH = YES;
				SDKROOT = iphoneos;
				SWIFT_ACTIVE_COMPILATION_CONDITIONS = "DEBUG $(inherited)";
				SWIFT_OPTIMIZATION_LEVEL = "-Onone";
			};
			name = Debug;
		};
		A15A4C232B00D17E0082BB22 /* Release */ = {
			isa = XCBuildConfiguration;
			buildSettings = {
				ALWAYS_SEARCH_USER_PATHS = NO;
				ASSETCATALOG_COMPILER_GENERATE_SWIFT_ASSET_SYMBOL_EXTENSIONS = YES;
				CLANG_ANALYZER_NONNULL = YES;
				CLANG_ANALYZER_NUMBER_OBJECT_CONVERSION = YES_AGGRESSIVE;
				CLANG_CXX_LANGUAGE_STANDARD = "gnu++20";
				CLANG_ENABLE_MODULES = YES;
				CLANG_ENABLE_OBJC_ARC = YES;
				CLANG_ENABLE_OBJC_WEAK = YES;
				CLANG_WARN_BLOCK_CAPTURE_AUTORELEASING = YES;
				CLANG_WARN_BOOL_CONVERSION = YES;
				CLANG_WARN_COMMA = YES;
				CLANG_WARN_CONSTANT_CONVERSION = YES;
				CLANG_WARN_DEPRECATED_OBJC_IMPLEMENTATIONS = YES;
				CLANG_WARN_DIRECT_OBJC_ISA_USAGE = YES_ERROR;
				CLANG_WARN_DOCUMENTATION_COMMENTS = YES;
				CLANG_WARN_EMPTY_BODY = YES;
				CLANG_WARN_ENUM_CONVERSION = YES;
				CLANG_WARN_INFINITE_RECURSION = YES;
				CLANG_WARN_INT_CONVERSION = YES;
				CLANG_WARN_NON_LITERAL_NULL_CONVERSION = YES;
				CLANG_WARN_OBJC_IMPLICIT_RETAIN_SELF = YES;
				CLANG_WARN_OBJC_LITERAL_CONVERSION = YES;
				CLANG_WARN_OBJC_ROOT_CLASS = YES_ERROR;
				CLANG_WARN_QUOTED_INCLUDE_IN_FRAMEWORK_HEADER = YES;
				CLANG_WARN_RANGE_LOOP_ANALYSIS = YES;
				CLANG_WARN_STRICT_PROTOTYPES = YES;
				CLANG_WARN_SUSPICIOUS_MOVE = YES;
				CLANG_WARN_UNGUARDED_AVAILABILITY = YES_AGGRESSIVE;
				CLANG_WARN_UNREACHABLE_CODE = YES;
				CLANG_WARN__DUPLICATE_METHOD_MATCH = YES;
				COPY_PHASE_STRIP = NO;
				DEBUG_INFORMATION_FORMAT = "dwarf-with-dsym";
				ENABLE_NS_ASSERTIONS = NO;
				ENABLE_STRICT_OBJC_MSGSEND = YES;
				ENABLE_USER_SCRIPT_SANDBOXING = YES;
				GCC_C_LANGUAGE_STANDARD = gnu17;
				GCC_NO_COMMON_BLOCKS = YES;
				GCC_WARN_64_TO_32_BIT_CONVERSION = YES;
				GCC_WARN_ABOUT_RETURN_TYPE = YES_ERROR;
				GCC_WARN_UNDECLARED_SELECTOR = YES;
				GCC_WARN_UNINITIALIZED_AUTOS = YES_AGGRESSIVE;
				GCC_WARN_UNUSED_FUNCTION = YES;
				GCC_WARN_UNUSED_VARIABLE = YES;
				IPHONEOS_DEPLOYMENT_TARGET = 17.0;
				LOCALIZATION_PREFERS_STRING_CATALOGS = YES;
				MTL_ENABLE_DEBUG_INFO = NO;
				MTL_FAST_MATH = YES;
				SDKROOT = iphoneos;
				SWIFT_COMPILATION_MODE = wholemodule;
				VALIDATE_PRODUCT = YES;
			};
			name = Release;
		};
		A15A4C252B00D17E0082BB22 /* Debug */ = {
			isa = XCBuildConfiguration;
			buildSettings = {
				ASSETCATALOG_COMPILER_APPICON_NAME = AppIcon;
				ASSETCATALOG_COMPILER_GLOBAL_ACCENT_COLOR_NAME = AccentColor;
				CODE_SIGN_STYLE = Automatic;
				CURRENT_PROJECT_VERSION = 1;
				DEVELOPMENT_ASSET_PATHS = "\"Shopping/Preview Content\"";
				DEVELOPMENT_TEAM = VW59CHPRG8;
				ENABLE_PREVIEWS = YES;
				GENERATE_INFOPLIST_FILE = YES;
				INFOPLIST_KEY_UIApplicationSceneManifest_Generation = YES;
				INFOPLIST_KEY_UIApplicationSupportsIndirectInputEvents = YES;
				INFOPLIST_KEY_UILaunchScreen_Generation = YES;
				INFOPLIST_KEY_UISupportedInterfaceOrientations_iPad = "UIInterfaceOrientationPortrait UIInterfaceOrientationPortraitUpsideDown UIInterfaceOrientationLandscapeLeft UIInterfaceOrientationLandscapeRight";
				INFOPLIST_KEY_UISupportedInterfaceOrientations_iPhone = "UIInterfaceOrientationPortrait UIInterfaceOrientationLandscapeLeft UIInterfaceOrientationLandscapeRight";
				LD_RUNPATH_SEARCH_PATHS = (
					"$(inherited)",
					"@executable_path/Frameworks",
				);
				MARKETING_VERSION = 1.0;
				PRODUCT_BUNDLE_IDENTIFIER = com.alphauzi.Shopping;
				PRODUCT_NAME = "$(TARGET_NAME)";
				SWIFT_EMIT_LOC_STRINGS = YES;
				SWIFT_VERSION = 5.0;
				TARGETED_DEVICE_FAMILY = "1,2";
			};
			name = Debug;
		};
		A15A4C262B00D17E0082BB22 /* Release */ = {
			isa = XCBuildConfiguration;
			buildSettings = {
				ASSETCATALOG_COMPILER_APPICON_NAME = AppIcon;
				ASSETCATALOG_COMPILER_GLOBAL_ACCENT_COLOR_NAME = AccentColor;
				CODE_SIGN_STYLE = Automatic;
				CURRENT_PROJECT_VERSION = 1;
				DEVELOPMENT_ASSET_PATHS = "\"Shopping/Preview Content\"";
				DEVELOPMENT_TEAM = VW59CHPRG8;
				ENABLE_PREVIEWS = YES;
				GENERATE_INFOPLIST_FILE = YES;
				INFOPLIST_KEY_UIApplicationSceneManifest_Generation = YES;
				INFOPLIST_KEY_UIApplicationSupportsIndirectInputEvents = YES;
				INFOPLIST_KEY_UILaunchScreen_Generation = YES;
				INFOPLIST_KEY_UISupportedInterfaceOrientations_iPad = "UIInterfaceOrientationPortrait UIInterfaceOrientationPortraitUpsideDown UIInterfaceOrientationLandscapeLeft UIInterfaceOrientationLandscapeRight";
				INFOPLIST_KEY_UISupportedInterfaceOrientations_iPhone = "UIInterfaceOrientationPortrait UIInterfaceOrientationLandscapeLeft UIInterfaceOrientationLandscapeRight";
				LD_RUNPATH_SEARCH_PATHS = (
					"$(inherited)",
					"@executable_path/Frameworks",
				);
				MARKETING_VERSION = 1.0;
				PRODUCT_BUNDLE_IDENTIFIER = com.alphauzi.Shopping;
				PRODUCT_NAME = "$(TARGET_NAME)";
				SWIFT_EMIT_LOC_STRINGS = YES;
				SWIFT_VERSION = 5.0;
				TARGETED_DEVICE_FAMILY = "1,2";
			};
			name = Release;
		};
/* End XCBuildConfiguration section */

/* Begin XCConfigurationList section */
		A15A4C112B00D17D0082BB22 /* Build configuration list for PBXProject "Shopping" */ = {
			isa = XCConfigurationList;
			buildConfigurations = (
				A15A4C222B00D17E0082BB22 /* Debug */,
				A15A4C232B00D17E0082BB22 /* Release */,
			);
			defaultConfigurationIsVisible = 0;
			defaultConfigurationName = Release;
		};
		A15A4C242B00D17E0082BB22 /* Build configuration list for PBXNativeTarget "Shopping" */ = {
			isa = XCConfigurationList;
			buildConfigurations = (
				A15A4C252B00D17E0082BB22 /* Debug */,
				A15A4C262B00D17E0082BB22 /* Release */,
			);
			defaultConfigurationIsVisible = 0;
			defaultConfigurationName = Release;
		};
/* End XCConfigurationList section */
	};
	rootObject = A15A4C0E2B00D17D0082BB22 /* Project object */;
}
